// !$*UTF8*$!
{
	archiveVersion = 1;
	classes = {
	};
	objectVersion = 50;
	objects = {

/* Begin PBXBuildFile section */
		479C10CDD9FA762DCFB9F4B8 /* libPods-RuitaiyuanSafeProject.a in Frameworks */ = {isa = PBXBuildFile; fileRef = 86570F2C358B53ADE28FC6C5 /* libPods-RuitaiyuanSafeProject.a */; };
		A0096B6F218410A200827969 /* Main.storyboard in Resources */ = {isa = PBXBuildFile; fileRef = A0096B6D218410A200827969 /* Main.storyboard */; };
		A0096B71218410A300827969 /* Assets.xcassets in Resources */ = {isa = PBXBuildFile; fileRef = A0096B70218410A300827969 /* Assets.xcassets */; };
		A0096B74218410A300827969 /* LaunchScreen.storyboard in Resources */ = {isa = PBXBuildFile; fileRef = A0096B72218410A300827969 /* LaunchScreen.storyboard */; };
		A04AB6152192E3E400B5D5E6 /* RTYHomeModel.m in Sources */ = {isa = PBXBuildFile; fileRef = A04AB6142192E3E400B5D5E6 /* RTYHomeModel.m */; };
		A04AB6182192E3FC00B5D5E6 /* RTYHomePageView.m in Sources */ = {isa = PBXBuildFile; fileRef = A04AB6172192E3FC00B5D5E6 /* RTYHomePageView.m */; };
		A04AB61B2192E41D00B5D5E6 /* RTYProfileModel.m in Sources */ = {isa = PBXBuildFile; fileRef = A04AB61A2192E41D00B5D5E6 /* RTYProfileModel.m */; };
		A04AB61E2192E43000B5D5E6 /* RTYProfileTopView.m in Sources */ = {isa = PBXBuildFile; fileRef = A04AB61D2192E43000B5D5E6 /* RTYProfileTopView.m */; };
		A04AB6212192E44500B5D5E6 /* RTYProfileManager.m in Sources */ = {isa = PBXBuildFile; fileRef = A04AB6202192E44500B5D5E6 /* RTYProfileManager.m */; };
		A04AB6282192FB7C00B5D5E6 /* RTYLiveCallViewController.m in Sources */ = {isa = PBXBuildFile; fileRef = A04AB6272192FB7C00B5D5E6 /* RTYLiveCallViewController.m */; };
		A06C7285218AEEF400AE93ED /* ViewController.m in Sources */ = {isa = PBXBuildFile; fileRef = A06C726F218AEEF400AE93ED /* ViewController.m */; };
		A06C7286218AEEF400AE93ED /* main.m in Sources */ = {isa = PBXBuildFile; fileRef = A06C7270218AEEF400AE93ED /* main.m */; };
		A06C7287218AEEF400AE93ED /* AppDelegate.m in Sources */ = {isa = PBXBuildFile; fileRef = A06C7271218AEEF400AE93ED /* AppDelegate.m */; };
		A06C7289218AEEF400AE93ED /* 项目需求.rtf in Resources */ = {isa = PBXBuildFile; fileRef = A06C7278218AEEF400AE93ED /* 项目需求.rtf */; };
		A06C728A218AEEF400AE93ED /* 消防系统平台技术方案.docx in Resources */ = {isa = PBXBuildFile; fileRef = A06C7279218AEEF400AE93ED /* 消防系统平台技术方案.docx */; };
		A06C728E218AEF4A00AE93ED /* RTYBaseController.m in Sources */ = {isa = PBXBuildFile; fileRef = A06C728D218AEF4A00AE93ED /* RTYBaseController.m */; };
		A06C7292218AF0E500AE93ED /* RTYTabbarController.m in Sources */ = {isa = PBXBuildFile; fileRef = A06C7291218AF0E500AE93ED /* RTYTabbarController.m */; };
		A06C7295218AF12D00AE93ED /* RTYRequestHandler.m in Sources */ = {isa = PBXBuildFile; fileRef = A06C7294218AF12D00AE93ED /* RTYRequestHandler.m */; };
		A06C729B218AF16500AE93ED /* RTYHomeViewController.m in Sources */ = {isa = PBXBuildFile; fileRef = A06C729A218AF16500AE93ED /* RTYHomeViewController.m */; };
		A06C729E218AF17500AE93ED /* RTYMineViewController.m in Sources */ = {isa = PBXBuildFile; fileRef = A06C729D218AF17500AE93ED /* RTYMineViewController.m */; };
		A06C72A1218AF4C300AE93ED /* RTYHomeManager.m in Sources */ = {isa = PBXBuildFile; fileRef = A06C72A0218AF4C300AE93ED /* RTYHomeManager.m */; };
/* End PBXBuildFile section */

/* Begin PBXFileReference section */
		36D69A1CB38424D44D70AFC7 /* Pods-RuitaiyuanSafeProject.release.xcconfig */ = {isa = PBXFileReference; includeInIndex = 1; lastKnownFileType = text.xcconfig; name = "Pods-RuitaiyuanSafeProject.release.xcconfig"; path = "Pods/Target Support Files/Pods-RuitaiyuanSafeProject/Pods-RuitaiyuanSafeProject.release.xcconfig"; sourceTree = "<group>"; };
		86570F2C358B53ADE28FC6C5 /* libPods-RuitaiyuanSafeProject.a */ = {isa = PBXFileReference; explicitFileType = archive.ar; includeInIndex = 0; path = "libPods-RuitaiyuanSafeProject.a"; sourceTree = BUILT_PRODUCTS_DIR; };
		A0096B64218410A200827969 /* RuitaiyuanSafeProject.app */ = {isa = PBXFileReference; explicitFileType = wrapper.application; includeInIndex = 0; path = RuitaiyuanSafeProject.app; sourceTree = BUILT_PRODUCTS_DIR; };
		A0096B6E218410A200827969 /* Base */ = {isa = PBXFileReference; lastKnownFileType = file.storyboard; name = Base; path = Base.lproj/Main.storyboard; sourceTree = "<group>"; };
		A0096B70218410A300827969 /* Assets.xcassets */ = {isa = PBXFileReference; lastKnownFileType = folder.assetcatalog; path = Assets.xcassets; sourceTree = "<group>"; };
		A0096B73218410A300827969 /* Base */ = {isa = PBXFileReference; lastKnownFileType = file.storyboard; name = Base; path = Base.lproj/LaunchScreen.storyboard; sourceTree = "<group>"; };
		A04AB6132192E3E400B5D5E6 /* RTYHomeModel.h */ = {isa = PBXFileReference; lastKnownFileType = sourcecode.c.h; path = RTYHomeModel.h; sourceTree = "<group>"; };
		A04AB6142192E3E400B5D5E6 /* RTYHomeModel.m */ = {isa = PBXFileReference; lastKnownFileType = sourcecode.c.objc; path = RTYHomeModel.m; sourceTree = "<group>"; };
		A04AB6162192E3FC00B5D5E6 /* RTYHomePageView.h */ = {isa = PBXFileReference; lastKnownFileType = sourcecode.c.h; path = RTYHomePageView.h; sourceTree = "<group>"; };
		A04AB6172192E3FC00B5D5E6 /* RTYHomePageView.m */ = {isa = PBXFileReference; lastKnownFileType = sourcecode.c.objc; path = RTYHomePageView.m; sourceTree = "<group>"; };
		A04AB6192192E41D00B5D5E6 /* RTYProfileModel.h */ = {isa = PBXFileReference; lastKnownFileType = sourcecode.c.h; path = RTYProfileModel.h; sourceTree = "<group>"; };
		A04AB61A2192E41D00B5D5E6 /* RTYProfileModel.m */ = {isa = PBXFileReference; lastKnownFileType = sourcecode.c.objc; path = RTYProfileModel.m; sourceTree = "<group>"; };
		A04AB61C2192E43000B5D5E6 /* RTYProfileTopView.h */ = {isa = PBXFileReference; lastKnownFileType = sourcecode.c.h; path = RTYProfileTopView.h; sourceTree = "<group>"; };
		A04AB61D2192E43000B5D5E6 /* RTYProfileTopView.m */ = {isa = PBXFileReference; lastKnownFileType = sourcecode.c.objc; path = RTYProfileTopView.m; sourceTree = "<group>"; };
		A04AB61F2192E44500B5D5E6 /* RTYProfileManager.h */ = {isa = PBXFileReference; lastKnownFileType = sourcecode.c.h; path = RTYProfileManager.h; sourceTree = "<group>"; };
		A04AB6202192E44500B5D5E6 /* RTYProfileManager.m */ = {isa = PBXFileReference; lastKnownFileType = sourcecode.c.objc; path = RTYProfileManager.m; sourceTree = "<group>"; };
		A04AB6232192E49400B5D5E6 /* Constants.h */ = {isa = PBXFileReference; lastKnownFileType = sourcecode.c.h; path = Constants.h; sourceTree = "<group>"; };
		A04AB6242192E51900B5D5E6 /* RTYColors.h */ = {isa = PBXFileReference; lastKnownFileType = sourcecode.c.h; path = RTYColors.h; sourceTree = "<group>"; };
		A04AB6262192FB7C00B5D5E6 /* RTYLiveCallViewController.h */ = {isa = PBXFileReference; lastKnownFileType = sourcecode.c.h; path = RTYLiveCallViewController.h; sourceTree = "<group>"; };
		A04AB6272192FB7C00B5D5E6 /* RTYLiveCallViewController.m */ = {isa = PBXFileReference; lastKnownFileType = sourcecode.c.objc; path = RTYLiveCallViewController.m; sourceTree = "<group>"; };
		A06C726E218AEEF400AE93ED /* AppDelegate.h */ = {isa = PBXFileReference; fileEncoding = 4; lastKnownFileType = sourcecode.c.h; path = AppDelegate.h; sourceTree = "<group>"; };
		A06C726F218AEEF400AE93ED /* ViewController.m */ = {isa = PBXFileReference; fileEncoding = 4; lastKnownFileType = sourcecode.c.objc; path = ViewController.m; sourceTree = "<group>"; };
		A06C7270218AEEF400AE93ED /* main.m */ = {isa = PBXFileReference; fileEncoding = 4; lastKnownFileType = sourcecode.c.objc; path = main.m; sourceTree = "<group>"; };
		A06C7271218AEEF400AE93ED /* AppDelegate.m */ = {isa = PBXFileReference; fileEncoding = 4; lastKnownFileType = sourcecode.c.objc; path = AppDelegate.m; sourceTree = "<group>"; };
		A06C7272218AEEF400AE93ED /* Info.plist */ = {isa = PBXFileReference; fileEncoding = 4; lastKnownFileType = text.plist.xml; path = Info.plist; sourceTree = "<group>"; };
		A06C7273218AEEF400AE93ED /* ViewController.h */ = {isa = PBXFileReference; fileEncoding = 4; lastKnownFileType = sourcecode.c.h; path = ViewController.h; sourceTree = "<group>"; };
		A06C7278218AEEF400AE93ED /* 项目需求.rtf */ = {isa = PBXFileReference; fileEncoding = 4; lastKnownFileType = text.rtf; path = "项目需求.rtf"; sourceTree = "<group>"; };
		A06C7279218AEEF400AE93ED /* 消防系统平台技术方案.docx */ = {isa = PBXFileReference; lastKnownFileType = file; path = "消防系统平台技术方案.docx"; sourceTree = "<group>"; };
		A06C728C218AEF4A00AE93ED /* RTYBaseController.h */ = {isa = PBXFileReference; lastKnownFileType = sourcecode.c.h; path = RTYBaseController.h; sourceTree = "<group>"; };
		A06C728D218AEF4A00AE93ED /* RTYBaseController.m */ = {isa = PBXFileReference; lastKnownFileType = sourcecode.c.objc; path = RTYBaseController.m; sourceTree = "<group>"; };
		A06C7290218AF0E500AE93ED /* RTYTabbarController.h */ = {isa = PBXFileReference; lastKnownFileType = sourcecode.c.h; path = RTYTabbarController.h; sourceTree = "<group>"; };
		A06C7291218AF0E500AE93ED /* RTYTabbarController.m */ = {isa = PBXFileReference; lastKnownFileType = sourcecode.c.objc; path = RTYTabbarController.m; sourceTree = "<group>"; };
		A06C7293218AF12D00AE93ED /* RTYRequestHandler.h */ = {isa = PBXFileReference; lastKnownFileType = sourcecode.c.h; path = RTYRequestHandler.h; sourceTree = "<group>"; };
		A06C7294218AF12D00AE93ED /* RTYRequestHandler.m */ = {isa = PBXFileReference; lastKnownFileType = sourcecode.c.objc; path = RTYRequestHandler.m; sourceTree = "<group>"; };
		A06C7299218AF16500AE93ED /* RTYHomeViewController.h */ = {isa = PBXFileReference; lastKnownFileType = sourcecode.c.h; path = RTYHomeViewController.h; sourceTree = "<group>"; };
		A06C729A218AF16500AE93ED /* RTYHomeViewController.m */ = {isa = PBXFileReference; lastKnownFileType = sourcecode.c.objc; path = RTYHomeViewController.m; sourceTree = "<group>"; };
		A06C729C218AF17500AE93ED /* RTYMineViewController.h */ = {isa = PBXFileReference; lastKnownFileType = sourcecode.c.h; path = RTYMineViewController.h; sourceTree = "<group>"; };
		A06C729D218AF17500AE93ED /* RTYMineViewController.m */ = {isa = PBXFileReference; lastKnownFileType = sourcecode.c.objc; path = RTYMineViewController.m; sourceTree = "<group>"; };
		A06C729F218AF4C300AE93ED /* RTYHomeManager.h */ = {isa = PBXFileReference; lastKnownFileType = sourcecode.c.h; path = RTYHomeManager.h; sourceTree = "<group>"; };
		A06C72A0218AF4C300AE93ED /* RTYHomeManager.m */ = {isa = PBXFileReference; lastKnownFileType = sourcecode.c.objc; path = RTYHomeManager.m; sourceTree = "<group>"; };
		FFCD922A3E5A84295A7BF97B /* Pods-RuitaiyuanSafeProject.debug.xcconfig */ = {isa = PBXFileReference; includeInIndex = 1; lastKnownFileType = text.xcconfig; name = "Pods-RuitaiyuanSafeProject.debug.xcconfig"; path = "Pods/Target Support Files/Pods-RuitaiyuanSafeProject/Pods-RuitaiyuanSafeProject.debug.xcconfig"; sourceTree = "<group>"; };
/* End PBXFileReference section */

/* Begin PBXFrameworksBuildPhase section */
		A0096B61218410A200827969 /* Frameworks */ = {
			isa = PBXFrameworksBuildPhase;
			buildActionMask = 2147483647;
			files = (
				479C10CDD9FA762DCFB9F4B8 /* libPods-RuitaiyuanSafeProject.a in Frameworks */,
			);
			runOnlyForDeploymentPostprocessing = 0;
		};
/* End PBXFrameworksBuildPhase section */

/* Begin PBXGroup section */
		1079EDDA6861086E27C4105C /* Frameworks */ = {
			isa = PBXGroup;
			children = (
				86570F2C358B53ADE28FC6C5 /* libPods-RuitaiyuanSafeProject.a */,
			);
			name = Frameworks;
			sourceTree = "<group>";
		};
		6E8D636FB92415433B8071DC /* Pods */ = {
			isa = PBXGroup;
			children = (
				FFCD922A3E5A84295A7BF97B /* Pods-RuitaiyuanSafeProject.debug.xcconfig */,
				36D69A1CB38424D44D70AFC7 /* Pods-RuitaiyuanSafeProject.release.xcconfig */,
			);
			name = Pods;
			sourceTree = "<group>";
		};
		A0096B5B218410A200827969 = {
			isa = PBXGroup;
			children = (
				A0096B66218410A200827969 /* RuitaiyuanSafeProject */,
				A0096B65218410A200827969 /* Products */,
				6E8D636FB92415433B8071DC /* Pods */,
				1079EDDA6861086E27C4105C /* Frameworks */,
			);
			sourceTree = "<group>";
		};
		A0096B65218410A200827969 /* Products */ = {
			isa = PBXGroup;
			children = (
				A0096B64218410A200827969 /* RuitaiyuanSafeProject.app */,
			);
			name = Products;
			sourceTree = "<group>";
		};
		A0096B66218410A200827969 /* RuitaiyuanSafeProject */ = {
			isa = PBXGroup;
			children = (
				A06C726D218AEEF400AE93ED /* Appdelegete */,
				A04AB6222192E47D00B5D5E6 /* CommonLayer */,
				A06C727A218AEEF400AE93ED /* BusinessLayer */,
				A06C7276218AEEF400AE93ED /* DataLayer */,
				A06C7275218AEEF400AE93ED /* NetworkLayer */,
				A06C7274218AEEF400AE93ED /* UIKitCustomLayer */,
				A0096B6D218410A200827969 /* Main.storyboard */,
				A0096B70218410A300827969 /* Assets.xcassets */,
				A0096B72218410A300827969 /* LaunchScreen.storyboard */,
			);
			path = RuitaiyuanSafeProject;
			sourceTree = "<group>";
		};
		A04AB6222192E47D00B5D5E6 /* CommonLayer */ = {
			isa = PBXGroup;
			children = (
				A04AB6232192E49400B5D5E6 /* Constants.h */,
				A04AB6242192E51900B5D5E6 /* RTYColors.h */,
			);
			path = CommonLayer;
			sourceTree = "<group>";
		};
		A04AB6252192FB5D00B5D5E6 /* LiveCall */ = {
			isa = PBXGroup;
			children = (
				A04AB6262192FB7C00B5D5E6 /* RTYLiveCallViewController.h */,
				A04AB6272192FB7C00B5D5E6 /* RTYLiveCallViewController.m */,
			);
			path = LiveCall;
			sourceTree = "<group>";
		};
		A06C726D218AEEF400AE93ED /* Appdelegete */ = {
			isa = PBXGroup;
			children = (
				A06C726E218AEEF400AE93ED /* AppDelegate.h */,
				A06C7271218AEEF400AE93ED /* AppDelegate.m */,
				A06C7273218AEEF400AE93ED /* ViewController.h */,
				A06C726F218AEEF400AE93ED /* ViewController.m */,
				A06C7270218AEEF400AE93ED /* main.m */,
				A06C7272218AEEF400AE93ED /* Info.plist */,
			);
			path = Appdelegete;
			sourceTree = "<group>";
		};
		A06C7274218AEEF400AE93ED /* UIKitCustomLayer */ = {
			isa = PBXGroup;
			children = (
				A06C728F218AEF6D00AE93ED /* TabbarController */,
				A06C728B218AEF3100AE93ED /* BaseController */,
			);
			path = UIKitCustomLayer;
			sourceTree = "<group>";
		};
		A06C7275218AEEF400AE93ED /* NetworkLayer */ = {
			isa = PBXGroup;
			children = (
				A06C7293218AF12D00AE93ED /* RTYRequestHandler.h */,
				A06C7294218AF12D00AE93ED /* RTYRequestHandler.m */,
			);
			path = NetworkLayer;
			sourceTree = "<group>";
		};
		A06C7276218AEEF400AE93ED /* DataLayer */ = {
			isa = PBXGroup;
			children = (
				A06C7277218AEEF400AE93ED /* ProjectCustomersFiles */,
			);
			path = DataLayer;
			sourceTree = "<group>";
		};
		A06C7277218AEEF400AE93ED /* ProjectCustomersFiles */ = {
			isa = PBXGroup;
			children = (
				A06C7278218AEEF400AE93ED /* 项目需求.rtf */,
				A06C7279218AEEF400AE93ED /* 消防系统平台技术方案.docx */,
			);
			path = ProjectCustomersFiles;
			sourceTree = "<group>";
		};
		A06C727A218AEEF400AE93ED /* BusinessLayer */ = {
			isa = PBXGroup;
			children = (
				A06C7280218AEEF400AE93ED /* HomeItem */,
				A06C727B218AEEF400AE93ED /* ProfileItem */,
			);
			path = BusinessLayer;
			sourceTree = "<group>";
		};
		A06C727B218AEEF400AE93ED /* ProfileItem */ = {
			isa = PBXGroup;
			children = (
				A06C727C218AEEF400AE93ED /* Controller */,
				A06C727D218AEEF400AE93ED /* Manager */,
				A06C727E218AEEF400AE93ED /* Model */,
				A06C727F218AEEF400AE93ED /* View */,
			);
			path = ProfileItem;
			sourceTree = "<group>";
		};
		A06C727C218AEEF400AE93ED /* Controller */ = {
			isa = PBXGroup;
			children = (
				A06C729C218AF17500AE93ED /* RTYMineViewController.h */,
				A06C729D218AF17500AE93ED /* RTYMineViewController.m */,
			);
			path = Controller;
			sourceTree = "<group>";
		};
		A06C727D218AEEF400AE93ED /* Manager */ = {
			isa = PBXGroup;
			children = (
				A04AB61F2192E44500B5D5E6 /* RTYProfileManager.h */,
				A04AB6202192E44500B5D5E6 /* RTYProfileManager.m */,
			);
			path = Manager;
			sourceTree = "<group>";
		};
		A06C727E218AEEF400AE93ED /* Model */ = {
			isa = PBXGroup;
			children = (
				A04AB6192192E41D00B5D5E6 /* RTYProfileModel.h */,
				A04AB61A2192E41D00B5D5E6 /* RTYProfileModel.m */,
			);
			path = Model;
			sourceTree = "<group>";
		};
		A06C727F218AEEF400AE93ED /* View */ = {
			isa = PBXGroup;
			children = (
				A04AB61C2192E43000B5D5E6 /* RTYProfileTopView.h */,
				A04AB61D2192E43000B5D5E6 /* RTYProfileTopView.m */,
			);
			path = View;
			sourceTree = "<group>";
		};
		A06C7280218AEEF400AE93ED /* HomeItem */ = {
			isa = PBXGroup;
			children = (
				A04AB6252192FB5D00B5D5E6 /* LiveCall */,
				A06C7281218AEEF400AE93ED /* Controller */,
				A06C7282218AEEF400AE93ED /* Manager */,
				A06C7283218AEEF400AE93ED /* Model */,
				A06C7284218AEEF400AE93ED /* View */,
			);
			path = HomeItem;
			sourceTree = "<group>";
		};
		A06C7281218AEEF400AE93ED /* Controller */ = {
			isa = PBXGroup;
			children = (
				A06C7299218AF16500AE93ED /* RTYHomeViewController.h */,
				A06C729A218AF16500AE93ED /* RTYHomeViewController.m */,
			);
			path = Controller;
			sourceTree = "<group>";
		};
		A06C7282218AEEF400AE93ED /* Manager */ = {
			isa = PBXGroup;
			children = (
				A06C729F218AF4C300AE93ED /* RTYHomeManager.h */,
				A06C72A0218AF4C300AE93ED /* RTYHomeManager.m */,
			);
			path = Manager;
			sourceTree = "<group>";
		};
		A06C7283218AEEF400AE93ED /* Model */ = {
			isa = PBXGroup;
			children = (
				A04AB6132192E3E400B5D5E6 /* RTYHomeModel.h */,
				A04AB6142192E3E400B5D5E6 /* RTYHomeModel.m */,
			);
			path = Model;
			sourceTree = "<group>";
		};
		A06C7284218AEEF400AE93ED /* View */ = {
			isa = PBXGroup;
			children = (
				A04AB6162192E3FC00B5D5E6 /* RTYHomePageView.h */,
				A04AB6172192E3FC00B5D5E6 /* RTYHomePageView.m */,
			);
			path = View;
			sourceTree = "<group>";
		};
		A06C728B218AEF3100AE93ED /* BaseController */ = {
			isa = PBXGroup;
			children = (
				A06C728C218AEF4A00AE93ED /* RTYBaseController.h */,
				A06C728D218AEF4A00AE93ED /* RTYBaseController.m */,
			);
			path = BaseController;
			sourceTree = "<group>";
		};
		A06C728F218AEF6D00AE93ED /* TabbarController */ = {
			isa = PBXGroup;
			children = (
				A06C7290218AF0E500AE93ED /* RTYTabbarController.h */,
				A06C7291218AF0E500AE93ED /* RTYTabbarController.m */,
			);
			path = TabbarController;
			sourceTree = "<group>";
		};
/* End PBXGroup section */

/* Begin PBXNativeTarget section */
		A0096B63218410A200827969 /* RuitaiyuanSafeProject */ = {
			isa = PBXNativeTarget;
			buildConfigurationList = A0096B7A218410A300827969 /* Build configuration list for PBXNativeTarget "RuitaiyuanSafeProject" */;
			buildPhases = (
				D8EA74E76DCE056FD74D63C1 /* [CP] Check Pods Manifest.lock */,
				A0096B60218410A200827969 /* Sources */,
				A0096B61218410A200827969 /* Frameworks */,
				A0096B62218410A200827969 /* Resources */,
				F1312C9AD50295EA0B399003 /* [CP] Embed Pods Frameworks */,
				080C48D1B5BA597B71CAFED8 /* [CP] Copy Pods Resources */,
			);
			buildRules = (
			);
			dependencies = (
			);
			name = RuitaiyuanSafeProject;
			productName = RuitaiyuanSafeProject;
			productReference = A0096B64218410A200827969 /* RuitaiyuanSafeProject.app */;
			productType = "com.apple.product-type.application";
		};
/* End PBXNativeTarget section */

/* Begin PBXProject section */
		A0096B5C218410A200827969 /* Project object */ = {
			isa = PBXProject;
			attributes = {
				CLASSPREFIX = RTY;
				LastUpgradeCheck = 1000;
				ORGANIZATIONNAME = MountainJay;
				TargetAttributes = {
					A0096B63218410A200827969 = {
						CreatedOnToolsVersion = 10.0;
					};
				};
			};
			buildConfigurationList = A0096B5F218410A200827969 /* Build configuration list for PBXProject "RuitaiyuanSafeProject" */;
			compatibilityVersion = "Xcode 9.3";
			developmentRegion = en;
			hasScannedForEncodings = 0;
			knownRegions = (
				en,
				Base,
			);
			mainGroup = A0096B5B218410A200827969;
			productRefGroup = A0096B65218410A200827969 /* Products */;
			projectDirPath = "";
			projectRoot = "";
			targets = (
				A0096B63218410A200827969 /* RuitaiyuanSafeProject */,
			);
		};
/* End PBXProject section */

/* Begin PBXResourcesBuildPhase section */
		A0096B62218410A200827969 /* Resources */ = {
			isa = PBXResourcesBuildPhase;
			buildActionMask = 2147483647;
			files = (
				A06C728A218AEEF400AE93ED /* 消防系统平台技术方案.docx in Resources */,
				A0096B74218410A300827969 /* LaunchScreen.storyboard in Resources */,
				A0096B71218410A300827969 /* Assets.xcassets in Resources */,
				A06C7289218AEEF400AE93ED /* 项目需求.rtf in Resources */,
				A0096B6F218410A200827969 /* Main.storyboard in Resources */,
			);
			runOnlyForDeploymentPostprocessing = 0;
		};
/* End PBXResourcesBuildPhase section */

/* Begin PBXShellScriptBuildPhase section */
		080C48D1B5BA597B71CAFED8 /* [CP] Copy Pods Resources */ = {
			isa = PBXShellScriptBuildPhase;
			buildActionMask = 2147483647;
			files = (
			);
			inputFileListPaths = (
			);
			inputPaths = (
				"${PODS_ROOT}/Target Support Files/Pods-RuitaiyuanSafeProject/Pods-RuitaiyuanSafeProject-resources.sh",
				"${PODS_ROOT}/MJRefresh/MJRefresh/MJRefresh.bundle",
			);
			name = "[CP] Copy Pods Resources";
			outputFileListPaths = (
			);
			outputPaths = (
				"${TARGET_BUILD_DIR}/${UNLOCALIZED_RESOURCES_FOLDER_PATH}/MJRefresh.bundle",
			);
			runOnlyForDeploymentPostprocessing = 0;
			shellPath = /bin/sh;
			shellScript = "\"${PODS_ROOT}/Target Support Files/Pods-RuitaiyuanSafeProject/Pods-RuitaiyuanSafeProject-resources.sh\"\n";
			showEnvVarsInLog = 0;
		};
		D8EA74E76DCE056FD74D63C1 /* [CP] Check Pods Manifest.lock */ = {
			isa = PBXShellScriptBuildPhase;
			buildActionMask = 2147483647;
			files = (
			);
			inputFileListPaths = (
			);
			inputPaths = (
				"${PODS_PODFILE_DIR_PATH}/Podfile.lock",
				"${PODS_ROOT}/Manifest.lock",
			);
			name = "[CP] Check Pods Manifest.lock";
			outputFileListPaths = (
			);
			outputPaths = (
				"$(DERIVED_FILE_DIR)/Pods-RuitaiyuanSafeProject-checkManifestLockResult.txt",
			);
			runOnlyForDeploymentPostprocessing = 0;
			shellPath = /bin/sh;
			shellScript = "diff \"${PODS_PODFILE_DIR_PATH}/Podfile.lock\" \"${PODS_ROOT}/Manifest.lock\" > /dev/null\nif [ $? != 0 ] ; then\n    # print error to STDERR\n    echo \"error: The sandbox is not in sync with the Podfile.lock. Run 'pod install' or update your CocoaPods installation.\" >&2\n    exit 1\nfi\n# This output is used by Xcode 'outputs' to avoid re-running this script phase.\necho \"SUCCESS\" > \"${SCRIPT_OUTPUT_FILE_0}\"\n";
			showEnvVarsInLog = 0;
		};
		F1312C9AD50295EA0B399003 /* [CP] Embed Pods Frameworks */ = {
			isa = PBXShellScriptBuildPhase;
			buildActionMask = 2147483647;
			files = (
			);
			inputFileListPaths = (
			);
			inputPaths = (
				"${PODS_ROOT}/Target Support Files/Pods-RuitaiyuanSafeProject/Pods-RuitaiyuanSafeProject-frameworks.sh",
				"${PODS_ROOT}/PLRTCStreamingKit/Pod/Library/PLRTCStreamingKit.framework",
				"${PODS_ROOT}/PLRTCStreamingKit/Pod/Library/HappyDNS.framework",
			);
			name = "[CP] Embed Pods Frameworks";
			outputFileListPaths = (
			);
			outputPaths = (
				"${TARGET_BUILD_DIR}/${FRAMEWORKS_FOLDER_PATH}/PLRTCStreamingKit.framework",
				"${TARGET_BUILD_DIR}/${FRAMEWORKS_FOLDER_PATH}/HappyDNS.framework",
			);
			runOnlyForDeploymentPostprocessing = 0;
			shellPath = /bin/sh;
			shellScript = "\"${PODS_ROOT}/Target Support Files/Pods-RuitaiyuanSafeProject/Pods-RuitaiyuanSafeProject-frameworks.sh\"\n";
			showEnvVarsInLog = 0;
		};
/* End PBXShellScriptBuildPhase section */

/* Begin PBXSourcesBuildPhase section */
		A0096B60218410A200827969 /* Sources */ = {
			isa = PBXSourcesBuildPhase;
			buildActionMask = 2147483647;
			files = (
				A06C7295218AF12D00AE93ED /* RTYRequestHandler.m in Sources */,
				A06C729E218AF17500AE93ED /* RTYMineViewController.m in Sources */,
				A04AB6152192E3E400B5D5E6 /* RTYHomeModel.m in Sources */,
				A06C728E218AEF4A00AE93ED /* RTYBaseController.m in Sources */,
				A06C729B218AF16500AE93ED /* RTYHomeViewController.m in Sources */,
				A06C72A1218AF4C300AE93ED /* RTYHomeManager.m in Sources */,
				A04AB6182192E3FC00B5D5E6 /* RTYHomePageView.m in Sources */,
				A04AB6212192E44500B5D5E6 /* RTYProfileManager.m in Sources */,
				A06C7286218AEEF400AE93ED /* main.m in Sources */,
				A04AB61E2192E43000B5D5E6 /* RTYProfileTopView.m in Sources */,
				A06C7285218AEEF400AE93ED /* ViewController.m in Sources */,
				A04AB61B2192E41D00B5D5E6 /* RTYProfileModel.m in Sources */,
				A06C7292218AF0E500AE93ED /* RTYTabbarController.m in Sources */,
				A06C7287218AEEF400AE93ED /* AppDelegate.m in Sources */,
				A04AB6282192FB7C00B5D5E6 /* RTYLiveCallViewController.m in Sources */,
			);
			runOnlyForDeploymentPostprocessing = 0;
		};
/* End PBXSourcesBuildPhase section */

/* Begin PBXVariantGroup section */
		A0096B6D218410A200827969 /* Main.storyboard */ = {
			isa = PBXVariantGroup;
			children = (
				A0096B6E218410A200827969 /* Base */,
			);
			name = Main.storyboard;
			sourceTree = "<group>";
		};
		A0096B72218410A300827969 /* LaunchScreen.storyboard */ = {
			isa = PBXVariantGroup;
			children = (
				A0096B73218410A300827969 /* Base */,
			);
			name = LaunchScreen.storyboard;
			sourceTree = "<group>";
		};
/* End PBXVariantGroup section */

/* Begin XCBuildConfiguration section */
		A0096B78218410A300827969 /* Debug */ = {
			isa = XCBuildConfiguration;
			buildSettings = {
				ALWAYS_SEARCH_USER_PATHS = NO;
				CLANG_ANALYZER_NONNULL = YES;
				CLANG_ANALYZER_NUMBER_OBJECT_CONVERSION = YES_AGGRESSIVE;
				CLANG_CXX_LANGUAGE_STANDARD = "gnu++14";
				CLANG_CXX_LIBRARY = "libc++";
				CLANG_ENABLE_MODULES = YES;
				CLANG_ENABLE_OBJC_ARC = YES;
				CLANG_ENABLE_OBJC_WEAK = YES;
				CLANG_WARN_BLOCK_CAPTURE_AUTORELEASING = YES;
				CLANG_WARN_BOOL_CONVERSION = YES;
				CLANG_WARN_COMMA = YES;
				CLANG_WARN_CONSTANT_CONVERSION = YES;
				CLANG_WARN_DEPRECATED_OBJC_IMPLEMENTATIONS = YES;
				CLANG_WARN_DIRECT_OBJC_ISA_USAGE = YES_ERROR;
				CLANG_WARN_DOCUMENTATION_COMMENTS = YES;
				CLANG_WARN_EMPTY_BODY = YES;
				CLANG_WARN_ENUM_CONVERSION = YES;
				CLANG_WARN_INFINITE_RECURSION = YES;
				CLANG_WARN_INT_CONVERSION = YES;
				CLANG_WARN_NON_LITERAL_NULL_CONVERSION = YES;
				CLANG_WARN_OBJC_IMPLICIT_RETAIN_SELF = YES;
				CLANG_WARN_OBJC_LITERAL_CONVERSION = YES;
				CLANG_WARN_OBJC_ROOT_CLASS = YES_ERROR;
				CLANG_WARN_RANGE_LOOP_ANALYSIS = YES;
				CLANG_WARN_STRICT_PROTOTYPES = YES;
				CLANG_WARN_SUSPICIOUS_MOVE = YES;
				CLANG_WARN_UNGUARDED_AVAILABILITY = YES_AGGRESSIVE;
				CLANG_WARN_UNREACHABLE_CODE = YES;
				CLANG_WARN__DUPLICATE_METHOD_MATCH = YES;
				CODE_SIGN_IDENTITY = "iPhone Developer";
				COPY_PHASE_STRIP = NO;
				DEBUG_INFORMATION_FORMAT = dwarf;
				ENABLE_STRICT_OBJC_MSGSEND = YES;
				ENABLE_TESTABILITY = YES;
				GCC_C_LANGUAGE_STANDARD = gnu11;
				GCC_DYNAMIC_NO_PIC = NO;
				GCC_NO_COMMON_BLOCKS = YES;
				GCC_OPTIMIZATION_LEVEL = 0;
				GCC_PREPROCESSOR_DEFINITIONS = (
					"DEBUG=1",
					"$(inherited)",
				);
				GCC_WARN_64_TO_32_BIT_CONVERSION = YES;
				GCC_WARN_ABOUT_RETURN_TYPE = YES_ERROR;
				GCC_WARN_UNDECLARED_SELECTOR = YES;
				GCC_WARN_UNINITIALIZED_AUTOS = YES_AGGRESSIVE;
				GCC_WARN_UNUSED_FUNCTION = YES;
				GCC_WARN_UNUSED_VARIABLE = YES;
				IPHONEOS_DEPLOYMENT_TARGET = 9.0;
				MTL_ENABLE_DEBUG_INFO = INCLUDE_SOURCE;
				MTL_FAST_MATH = YES;
				ONLY_ACTIVE_ARCH = YES;
				SDKROOT = iphoneos;
			};
			name = Debug;
		};
		A0096B79218410A300827969 /* Release */ = {
			isa = XCBuildConfiguration;
			buildSettings = {
				ALWAYS_SEARCH_USER_PATHS = NO;
				CLANG_ANALYZER_NONNULL = YES;
				CLANG_ANALYZER_NUMBER_OBJECT_CONVERSION = YES_AGGRESSIVE;
				CLANG_CXX_LANGUAGE_STANDARD = "gnu++14";
				CLANG_CXX_LIBRARY = "libc++";
				CLANG_ENABLE_MODULES = YES;
				CLANG_ENABLE_OBJC_ARC = YES;
				CLANG_ENABLE_OBJC_WEAK = YES;
				CLANG_WARN_BLOCK_CAPTURE_AUTORELEASING = YES;
				CLANG_WARN_BOOL_CONVERSION = YES;
				CLANG_WARN_COMMA = YES;
				CLANG_WARN_CONSTANT_CONVERSION = YES;
				CLANG_WARN_DEPRECATED_OBJC_IMPLEMENTATIONS = YES;
				CLANG_WARN_DIRECT_OBJC_ISA_USAGE = YES_ERROR;
				CLANG_WARN_DOCUMENTATION_COMMENTS = YES;
				CLANG_WARN_EMPTY_BODY = YES;
				CLANG_WARN_ENUM_CONVERSION = YES;
				CLANG_WARN_INFINITE_RECURSION = YES;
				CLANG_WARN_INT_CONVERSION = YES;
				CLANG_WARN_NON_LITERAL_NULL_CONVERSION = YES;
				CLANG_WARN_OBJC_IMPLICIT_RETAIN_SELF = YES;
				CLANG_WARN_OBJC_LITERAL_CONVERSION = YES;
				CLANG_WARN_OBJC_ROOT_CLASS = YES_ERROR;
				CLANG_WARN_RANGE_LOOP_ANALYSIS = YES;
				CLANG_WARN_STRICT_PROTOTYPES = YES;
				CLANG_WARN_SUSPICIOUS_MOVE = YES;
				CLANG_WARN_UNGUARDED_AVAILABILITY = YES_AGGRESSIVE;
				CLANG_WARN_UNREACHABLE_CODE = YES;
				CLANG_WARN__DUPLICATE_METHOD_MATCH = YES;
				CODE_SIGN_IDENTITY = "iPhone Developer";
				COPY_PHASE_STRIP = NO;
				DEBUG_INFORMATION_FORMAT = "dwarf-with-dsym";
				ENABLE_NS_ASSERTIONS = NO;
				ENABLE_STRICT_OBJC_MSGSEND = YES;
				GCC_C_LANGUAGE_STANDARD = gnu11;
				GCC_NO_COMMON_BLOCKS = YES;
				GCC_WARN_64_TO_32_BIT_CONVERSION = YES;
				GCC_WARN_ABOUT_RETURN_TYPE = YES_ERROR;
				GCC_WARN_UNDECLARED_SELECTOR = YES;
				GCC_WARN_UNINITIALIZED_AUTOS = YES_AGGRESSIVE;
				GCC_WARN_UNUSED_FUNCTION = YES;
				GCC_WARN_UNUSED_VARIABLE = YES;
				IPHONEOS_DEPLOYMENT_TARGET = 9.0;
				MTL_ENABLE_DEBUG_INFO = NO;
				MTL_FAST_MATH = YES;
				SDKROOT = iphoneos;
				VALIDATE_PRODUCT = YES;
			};
			name = Release;
		};
		A0096B7B218410A300827969 /* Debug */ = {
			isa = XCBuildConfiguration;
			baseConfigurationReference = FFCD922A3E5A84295A7BF97B /* Pods-RuitaiyuanSafeProject.debug.xcconfig */;
			buildSettings = {
				ASSETCATALOG_COMPILER_APPICON_NAME = AppIcon;
				CODE_SIGN_STYLE = Automatic;
				DEVELOPMENT_TEAM = AG7FPKU77S;
				ENABLE_BITCODE = NO;
				INFOPLIST_FILE = RuitaiyuanSafeProject/Appdelegete/Info.plist;
				IPHONEOS_DEPLOYMENT_TARGET = 9.0;
				LD_RUNPATH_SEARCH_PATHS = (
					"$(inherited)",
					"@executable_path/Frameworks",
				);
				PRODUCT_BUNDLE_IDENTIFIER = com.ruitaiyuan.RuitaiyuanSafeProject;
				PRODUCT_NAME = "$(TARGET_NAME)";
				TARGETED_DEVICE_FAMILY = "1,2";
			};
			name = Debug;
		};
		A0096B7C218410A300827969 /* Release */ = {
			isa = XCBuildConfiguration;
			baseConfigurationReference = 36D69A1CB38424D44D70AFC7 /* Pods-RuitaiyuanSafeProject.release.xcconfig */;
			buildSettings = {
				ASSETCATALOG_COMPILER_APPICON_NAME = AppIcon;
				CODE_SIGN_STYLE = Automatic;
				DEVELOPMENT_TEAM = AG7FPKU77S;
				ENABLE_BITCODE = NO;
				INFOPLIST_FILE = RuitaiyuanSafeProject/Appdelegete/Info.plist;
				IPHONEOS_DEPLOYMENT_TARGET = 9.0;
				LD_RUNPATH_SEARCH_PATHS = (
					"$(inherited)",
					"@executable_path/Frameworks",
				);
				PRODUCT_BUNDLE_IDENTIFIER = com.ruitaiyuan.RuitaiyuanSafeProject;
				PRODUCT_NAME = "$(TARGET_NAME)";
				TARGETED_DEVICE_FAMILY = "1,2";
			};
			name = Release;
		};
/* End XCBuildConfiguration section */

/* Begin XCConfigurationList section */
		A0096B5F218410A200827969 /* Build configuration list for PBXProject "RuitaiyuanSafeProject" */ = {
			isa = XCConfigurationList;
			buildConfigurations = (
				A0096B78218410A300827969 /* Debug */,
				A0096B79218410A300827969 /* Release */,
			);
			defaultConfigurationIsVisible = 0;
			defaultConfigurationName = Release;
		};
		A0096B7A218410A300827969 /* Build configuration list for PBXNativeTarget "RuitaiyuanSafeProject" */ = {
			isa = XCConfigurationList;
			buildConfigurations = (
				A0096B7B218410A300827969 /* Debug */,
				A0096B7C218410A300827969 /* Release */,
			);
			defaultConfigurationIsVisible = 0;
			defaultConfigurationName = Release;
		};
/* End XCConfigurationList section */
	};
	rootObject = A0096B5C218410A200827969 /* Project object */;
}
